
Microsoft Visual Studio Solution File, Format Version 12.00
# Visual Studio Version 17
VisualStudioVersion = 17.10.34707.107
MinimumVisualStudioVersion = 10.0.40219.1
Project("{FAE04EC0-301F-11D3-BF4B-00C04F79EFBC}") = "metodos-CRUD-entregable", "metodos-CRUD-entregable\metodos-CRUD-entregable.csproj", "{2C38E43E-4FD7-44EC-A380-814A6EFE1261}"
EndProject
Global
	GlobalSection(SolutionConfigurationPlatforms) = preSolution
		Debug|Any CPU = Debug|Any CPU
		Release|Any CPU = Release|Any CPU
	EndGlobalSection
	GlobalSection(ProjectConfigurationPlatforms) = postSolution
		{2C38E43E-4FD7-44EC-A380-814A6EFE1261}.Debug|Any CPU.ActiveCfg = Debug|Any CPU
		{2C38E43E-4FD7-44EC-A380-814A6EFE1261}.Debug|Any CPU.Build.0 = Debug|Any CPU
		{2C38E43E-4FD7-44EC-A380-814A6EFE1261}.Release|Any CPU.ActiveCfg = Release|Any CPU
		{2C38E43E-4FD7-44EC-A380-814A6EFE1261}.Release|Any CPU.Build.0 = Release|Any CPU
	EndGlobalSection
	GlobalSection(SolutionProperties) = preSolution
		HideSolutionNode = FALSE
	EndGlobalSection
	GlobalSection(ExtensibilityGlobals) = postSolution
		SolutionGuid = {A781D832-6E89-4B12-9E11-4B2823CA38AB}
	EndGlobalSection
EndGlobal
